Microsoft Visual Studio Solution File, Format Version 12.00
# Visual Studio Version 17
VisualStudioVersion = 17.5.2.0
MinimumVisualStudioVersion = 10.0.40219.1
Project("{FAE04EC0-301F-11D3-BF4B-00C04F79EFBC}") = "YouthCenterWeb", "YouthCenterWeb.csproj", "{AF5872B6-0075-CC1C-C8CF-85A0990C087E}"
EndProject
Global
	GlobalSection(SolutionConfigurationPlatforms) = preSolution
		Debug|Any CPU = Debug|Any CPU
		Release|Any CPU = Release|Any CPU
	EndGlobalSection
	GlobalSection(ProjectConfigurationPlatforms) = postSolution
		{AF5872B6-0075-CC1C-C8CF-85A0990C087E}.Debug|Any CPU.ActiveCfg = Debug|Any CPU
		{AF5872B6-0075-CC1C-C8CF-85A0990C087E}.Debug|Any CPU.Build.0 = Debug|Any CPU
		{AF5872B6-0075-CC1C-C8CF-85A0990C087E}.Release|Any CPU.ActiveCfg = Release|Any CPU
		{AF5872B6-0075-CC1C-C8CF-85A0990C087E}.Release|Any CPU.Build.0 = Release|Any CPU
	EndGlobalSection
	GlobalSection(SolutionProperties) = preSolution
		HideSolutionNode = FALSE
	EndGlobalSection
	GlobalSection(ExtensibilityGlobals) = postSolution
		SolutionGuid = {EBD8ABEA-A783-4528-BD8A-0EEF5DC1DBE5}
	EndGlobalSection
EndGlobal
